
Microsoft Visual Studio Solution File, Format Version 12.00
# Visual Studio 14
VisualStudioVersion = 14.0.23107.0
MinimumVisualStudioVersion = 10.0.40219.1
Project("{D2ABAB84-BF74-430A-B69E-9DC6D40DDA17}") = "PAS-DWEvaluacionDocente", "PAS-DWEvaluacionDocente\PAS-DWEvaluacionDocente.dwproj", "{C3FB898F-00D9-46B0-8AFB-5FAE22815668}"
EndProject
Project("{159641D6-6404-4A2A-AE62-294DE0FE8301}") = "PIS-DWEvaluacionDocente", "PIS-DWEvaluacionDocente\PIS-DWEvaluacionDocente.dtproj", "{DA53597B-39BB-452A-8B49-4EBD282B34A4}"
EndProject
Global
	GlobalSection(SolutionConfigurationPlatforms) = preSolution
		Development|Default = Development|Default
	EndGlobalSection
	GlobalSection(ProjectConfigurationPlatforms) = postSolution
		{C3FB898F-00D9-46B0-8AFB-5FAE22815668}.Development|Default.ActiveCfg = Development
		{C3FB898F-00D9-46B0-8AFB-5FAE22815668}.Development|Default.Build.0 = Development
		{C3FB898F-00D9-46B0-8AFB-5FAE22815668}.Development|Default.Deploy.0 = Development
		{DA53597B-39BB-452A-8B49-4EBD282B34A4}.Development|Default.ActiveCfg = Development
		{DA53597B-39BB-452A-8B49-4EBD282B34A4}.Development|Default.Build.0 = Development
	EndGlobalSection
	GlobalSection(SolutionProperties) = preSolution
		HideSolutionNode = FALSE
	EndGlobalSection
EndGlobal
