
Microsoft Visual Studio Solution File, Format Version 12.00
# Visual Studio 14
VisualStudioVersion = 14.0.23107.0
MinimumVisualStudioVersion = 10.0.40219.1
Project("{D2ABAB84-BF74-430A-B69E-9DC6D40DDA17}") = "PAS-DWEvaluacionDocente", "PAS-DWEvaluacionDocente\PAS-DWEvaluacionDocente.dwproj", "{C3FB898F-00D9-46B0-8AFB-5FAE22815668}"
EndProject
Project("{159641D6-6404-4A2A-AE62-294DE0FE8301}") = "PIS-DWEvaluacionDocente", "PIS-DWEvaluacionDocente\PIS-DWEvaluacionDocente.dtproj", "{DA53597B-39BB-452A-8B49-4EBD282B34A4}"
EndProject
Project("{F14B399A-7131-4C87-9E4B-1186C45EF12D}") = "PRS-DWEvaluacionDocente", "PRS-DWEvaluacionDocente\PRS-DWEvaluacionDocente.rptproj", "{72369907-669B-4D3C-905F-EEC241EEE1BB}"
EndProject
Global
	GlobalSection(SolutionConfigurationPlatforms) = preSolution
		Debug|Default = Debug|Default
		DebugLocal|Default = DebugLocal|Default
		Development|Default = Development|Default
		Release|Default = Release|Default
	EndGlobalSection
	GlobalSection(ProjectConfigurationPlatforms) = postSolution
		{C3FB898F-00D9-46B0-8AFB-5FAE22815668}.Debug|Default.ActiveCfg = Development
		{C3FB898F-00D9-46B0-8AFB-5FAE22815668}.Debug|Default.Build.0 = Development
		{C3FB898F-00D9-46B0-8AFB-5FAE22815668}.Debug|Default.Deploy.0 = Development
		{C3FB898F-00D9-46B0-8AFB-5FAE22815668}.DebugLocal|Default.ActiveCfg = Development
		{C3FB898F-00D9-46B0-8AFB-5FAE22815668}.DebugLocal|Default.Build.0 = Development
		{C3FB898F-00D9-46B0-8AFB-5FAE22815668}.DebugLocal|Default.Deploy.0 = Development
		{C3FB898F-00D9-46B0-8AFB-5FAE22815668}.Development|Default.ActiveCfg = Development
		{C3FB898F-00D9-46B0-8AFB-5FAE22815668}.Development|Default.Build.0 = Development
		{C3FB898F-00D9-46B0-8AFB-5FAE22815668}.Development|Default.Deploy.0 = Development
		{C3FB898F-00D9-46B0-8AFB-5FAE22815668}.Release|Default.ActiveCfg = Development
		{C3FB898F-00D9-46B0-8AFB-5FAE22815668}.Release|Default.Build.0 = Development
		{C3FB898F-00D9-46B0-8AFB-5FAE22815668}.Release|Default.Deploy.0 = Development
		{DA53597B-39BB-452A-8B49-4EBD282B34A4}.Debug|Default.ActiveCfg = Development
		{DA53597B-39BB-452A-8B49-4EBD282B34A4}.Debug|Default.Build.0 = Development
		{DA53597B-39BB-452A-8B49-4EBD282B34A4}.DebugLocal|Default.ActiveCfg = Development
		{DA53597B-39BB-452A-8B49-4EBD282B34A4}.DebugLocal|Default.Build.0 = Development
		{DA53597B-39BB-452A-8B49-4EBD282B34A4}.Development|Default.ActiveCfg = Development
		{DA53597B-39BB-452A-8B49-4EBD282B34A4}.Development|Default.Build.0 = Development
		{DA53597B-39BB-452A-8B49-4EBD282B34A4}.Release|Default.ActiveCfg = Development
		{DA53597B-39BB-452A-8B49-4EBD282B34A4}.Release|Default.Build.0 = Development
		{72369907-669B-4D3C-905F-EEC241EEE1BB}.Debug|Default.ActiveCfg = Debug
		{72369907-669B-4D3C-905F-EEC241EEE1BB}.Debug|Default.Build.0 = Debug
		{72369907-669B-4D3C-905F-EEC241EEE1BB}.Debug|Default.Deploy.0 = Debug
		{72369907-669B-4D3C-905F-EEC241EEE1BB}.DebugLocal|Default.ActiveCfg = DebugLocal
		{72369907-669B-4D3C-905F-EEC241EEE1BB}.DebugLocal|Default.Build.0 = DebugLocal
		{72369907-669B-4D3C-905F-EEC241EEE1BB}.Development|Default.ActiveCfg = DebugLocal
		{72369907-669B-4D3C-905F-EEC241EEE1BB}.Development|Default.Build.0 = DebugLocal
		{72369907-669B-4D3C-905F-EEC241EEE1BB}.Release|Default.ActiveCfg = Release
		{72369907-669B-4D3C-905F-EEC241EEE1BB}.Release|Default.Build.0 = Release
		{72369907-669B-4D3C-905F-EEC241EEE1BB}.Release|Default.Deploy.0 = Release
	EndGlobalSection
	GlobalSection(SolutionProperties) = preSolution
		HideSolutionNode = FALSE
	EndGlobalSection
EndGlobal
